
Microsoft Visual Studio Solution File, Format Version 12.00
# Visual Studio Version 17
VisualStudioVersion = 17.7.34202.233
MinimumVisualStudioVersion = 10.0.40219.1
Project("{9A19103F-16F7-4668-BE54-9A1E7A4F7556}") = "secondApp", "secondApp\secondApp.csproj", "{D0CADC3C-86BE-4B48-BBAE-403CA31772F7}"
EndProject
Project("{9A19103F-16F7-4668-BE54-9A1E7A4F7556}") = "webApp1", "webApp1\webApp1.csproj", "{4BEDD724-151A-4C65-A0BA-DCC4CB6E29B8}"
EndProject
Project("{9A19103F-16F7-4668-BE54-9A1E7A4F7556}") = "FirstApp", "FirstApp\FirstApp.csproj", "{81791248-4DD8-4412-9FA0-D3D59EB412C6}"
EndProject
Project("{9A19103F-16F7-4668-BE54-9A1E7A4F7556}") = "classLib2", "classLib2\classLib2.csproj", "{AC6A8A92-3A77-42E3-8A33-7064FDE04C11}"
EndProject
Project("{2150E333-8FDC-42A3-9474-1A3956D46DE8}") = "EmpSystem", "EmpSystem", "{261F744A-3908-4FBE-9F07-37D27E44A561}"
EndProject
Project("{9A19103F-16F7-4668-BE54-9A1E7A4F7556}") = "EmpLib", "EmpLib\EmpLib.csproj", "{7DCAADF6-57DD-4B35-A293-828079050406}"
EndProject
Project("{9A19103F-16F7-4668-BE54-9A1E7A4F7556}") = "EmpConsole", "EmpConsole\EmpConsole.csproj", "{3AF2D3E7-097D-4C1A-99FA-16955B26D54F}"
EndProject
Project("{2150E333-8FDC-42A3-9474-1A3956D46DE8}") = "PL", "PL", "{EC21EC2D-74F3-43BA-BFEA-A741FA186C02}"
EndProject
Project("{2150E333-8FDC-42A3-9474-1A3956D46DE8}") = "BL", "BL", "{646C8878-73FA-4D00-B258-E3A4164F908E}"
EndProject
Project("{9A19103F-16F7-4668-BE54-9A1E7A4F7556}") = "EmpForms", "EmpForms\EmpForms.csproj", "{4089BF6D-F096-4ECD-8F26-EAEDDAC6EFF6}"
EndProject
Project("{9A19103F-16F7-4668-BE54-9A1E7A4F7556}") = "Delegates", "Delegates\Delegates.csproj", "{47FC0B04-8427-4424-A90F-4BECB7C1A155}"
EndProject
Project("{2150E333-8FDC-42A3-9474-1A3956D46DE8}") = "DAL", "DAL", "{5BDC1A9C-B375-4F32-A039-C425161C8AE4}"
EndProject
Project("{9A19103F-16F7-4668-BE54-9A1E7A4F7556}") = "TestDal", "TestDal\TestDal.csproj", "{891B8409-2347-4DD9-AA09-80F6D8841484}"
EndProject
Project("{9A19103F-16F7-4668-BE54-9A1E7A4F7556}") = "LabDal", "LabDal\LabDal.csproj", "{1799285E-FEB6-436F-9A38-C2AC08696A5C}"
EndProject
Project("{9A19103F-16F7-4668-BE54-9A1E7A4F7556}") = "TestDbConsole1", "TestDbConsole1\TestDbConsole1.csproj", "{ADCC714E-C3E2-4A37-8FA8-B1029CAEDAE4}"
EndProject
Project("{9A19103F-16F7-4668-BE54-9A1E7A4F7556}") = "DbFirstEF", "DbFirstEF\DbFirstEF.csproj", "{0E935DE1-263C-4EA1-8CB5-C8A316A39C11}"
EndProject
Project("{9A19103F-16F7-4668-BE54-9A1E7A4F7556}") = "SampleWebApp", "SampleWebApp\SampleWebApp.csproj", "{76A4F332-2398-42A4-A610-2BF80E34BCAF}"
EndProject
Project("{9A19103F-16F7-4668-BE54-9A1E7A4F7556}") = "EmpDall", "EmpDall\EmpDall.csproj", "{FDE032A8-9AAF-4E5F-94EE-934748C23EF1}"
EndProject
Project("{2150E333-8FDC-42A3-9474-1A3956D46DE8}") = "ProductTemplate", "ProductTemplate", "{95A007EE-2A42-4259-AD47-B53E8196C96E}"
EndProject
Project("{9A19103F-16F7-4668-BE54-9A1E7A4F7556}") = "WebPl", "WebPl\WebPl.csproj", "{DD55C792-40B0-4F0D-B469-CB680ADC25C4}"
EndProject
Project("{9A19103F-16F7-4668-BE54-9A1E7A4F7556}") = "BLLib1", "BLLib1\BLLib1.csproj", "{B62EACB1-3879-4568-B1EB-BAC2929D3E27}"
EndProject
Project("{9A19103F-16F7-4668-BE54-9A1E7A4F7556}") = "BLLib2", "BLLib2\BLLib2.csproj", "{BC07D2DA-C399-4AA6-850C-7961037D36EE}"
EndProject
Project("{9A19103F-16F7-4668-BE54-9A1E7A4F7556}") = "DalLib", "DalLib\DalLib.csproj", "{230F1B95-D7B8-4034-B006-3C5D6F5A6805}"
EndProject
Project("{9A19103F-16F7-4668-BE54-9A1E7A4F7556}") = "ServiceApi", "ServiceApi\ServiceApi.csproj", "{49F2B4C0-DBF7-4658-9ED9-E5E03AA834DF}"
EndProject
Project("{9A19103F-16F7-4668-BE54-9A1E7A4F7556}") = "EmpMvc", "EmpMvc\EmpMvc.csproj", "{8DD979D3-486F-4823-B5B5-BFE33D2678B3}"
EndProject
Project("{9A19103F-16F7-4668-BE54-9A1E7A4F7556}") = "FirstApi", "FirstApi\FirstApi.csproj", "{F75032A8-5962-492D-954C-56D0BED206BA}"
EndProject
Project("{9A19103F-16F7-4668-BE54-9A1E7A4F7556}") = "DependencyInjection", "DependencyInjection\DependencyInjection.csproj", "{C616E036-E78B-43DF-A79D-B319393ED799}"
EndProject
Project("{9A19103F-16F7-4668-BE54-9A1E7A4F7556}") = "IndividualAuth", "IndividualAuth\IndividualAuth.csproj", "{8DEA862D-677B-4999-9BE0-EBD1A9856EB8}"
EndProject
Project("{9A19103F-16F7-4668-BE54-9A1E7A4F7556}") = "WindowsAuthApi", "WindowsAuthApi\WindowsAuthApi.csproj", "{6AF2CEDF-5B0D-4A60-AB21-41A2A2DE7C5E}"
EndProject
Project("{9A19103F-16F7-4668-BE54-9A1E7A4F7556}") = "JWTAuth", "JWTAuth\JWTAuth.csproj", "{ED0143DB-39DF-4258-BE5F-346D11C730D8}"
EndProject
Project("{2150E333-8FDC-42A3-9474-1A3956D46DE8}") = "WebApiClients", "WebApiClients", "{F2745778-BC8A-4494-9A94-FF6C9D54B39C}"
EndProject
Project("{9A19103F-16F7-4668-BE54-9A1E7A4F7556}") = "ConsoleClient", "ConsoleClient\ConsoleClient.csproj", "{01BDA264-50DF-4F4E-8B5A-95C11D231112}"
EndProject
Project("{9A19103F-16F7-4668-BE54-9A1E7A4F7556}") = "AsyncAwait", "AsyncAwait\AsyncAwait.csproj", "{ACD93E97-D81A-4A21-975B-3F6DCCEEACB9}"
EndProject
Global
	GlobalSection(SolutionConfigurationPlatforms) = preSolution
		Debug|Any CPU = Debug|Any CPU
		Release|Any CPU = Release|Any CPU
	EndGlobalSection
	GlobalSection(ProjectConfigurationPlatforms) = postSolution
		{D0CADC3C-86BE-4B48-BBAE-403CA31772F7}.Debug|Any CPU.ActiveCfg = Debug|Any CPU
		{D0CADC3C-86BE-4B48-BBAE-403CA31772F7}.Debug|Any CPU.Build.0 = Debug|Any CPU
		{D0CADC3C-86BE-4B48-BBAE-403CA31772F7}.Release|Any CPU.ActiveCfg = Release|Any CPU
		{D0CADC3C-86BE-4B48-BBAE-403CA31772F7}.Release|Any CPU.Build.0 = Release|Any CPU
		{4BEDD724-151A-4C65-A0BA-DCC4CB6E29B8}.Debug|Any CPU.ActiveCfg = Debug|Any CPU
		{4BEDD724-151A-4C65-A0BA-DCC4CB6E29B8}.Debug|Any CPU.Build.0 = Debug|Any CPU
		{4BEDD724-151A-4C65-A0BA-DCC4CB6E29B8}.Release|Any CPU.ActiveCfg = Release|Any CPU
		{4BEDD724-151A-4C65-A0BA-DCC4CB6E29B8}.Release|Any CPU.Build.0 = Release|Any CPU
		{81791248-4DD8-4412-9FA0-D3D59EB412C6}.Debug|Any CPU.ActiveCfg = Debug|Any CPU
		{81791248-4DD8-4412-9FA0-D3D59EB412C6}.Debug|Any CPU.Build.0 = Debug|Any CPU
		{81791248-4DD8-4412-9FA0-D3D59EB412C6}.Release|Any CPU.ActiveCfg = Release|Any CPU
		{81791248-4DD8-4412-9FA0-D3D59EB412C6}.Release|Any CPU.Build.0 = Release|Any CPU
		{AC6A8A92-3A77-42E3-8A33-7064FDE04C11}.Debug|Any CPU.ActiveCfg = Debug|Any CPU
		{AC6A8A92-3A77-42E3-8A33-7064FDE04C11}.Debug|Any CPU.Build.0 = Debug|Any CPU
		{AC6A8A92-3A77-42E3-8A33-7064FDE04C11}.Release|Any CPU.ActiveCfg = Release|Any CPU
		{AC6A8A92-3A77-42E3-8A33-7064FDE04C11}.Release|Any CPU.Build.0 = Release|Any CPU
		{7DCAADF6-57DD-4B35-A293-828079050406}.Debug|Any CPU.ActiveCfg = Debug|Any CPU
		{7DCAADF6-57DD-4B35-A293-828079050406}.Debug|Any CPU.Build.0 = Debug|Any CPU
		{7DCAADF6-57DD-4B35-A293-828079050406}.Release|Any CPU.ActiveCfg = Release|Any CPU
		{7DCAADF6-57DD-4B35-A293-828079050406}.Release|Any CPU.Build.0 = Release|Any CPU
		{3AF2D3E7-097D-4C1A-99FA-16955B26D54F}.Debug|Any CPU.ActiveCfg = Debug|Any CPU
		{3AF2D3E7-097D-4C1A-99FA-16955B26D54F}.Debug|Any CPU.Build.0 = Debug|Any CPU
		{3AF2D3E7-097D-4C1A-99FA-16955B26D54F}.Release|Any CPU.ActiveCfg = Release|Any CPU
		{3AF2D3E7-097D-4C1A-99FA-16955B26D54F}.Release|Any CPU.Build.0 = Release|Any CPU
		{4089BF6D-F096-4ECD-8F26-EAEDDAC6EFF6}.Debug|Any CPU.ActiveCfg = Debug|Any CPU
		{4089BF6D-F096-4ECD-8F26-EAEDDAC6EFF6}.Debug|Any CPU.Build.0 = Debug|Any CPU
		{4089BF6D-F096-4ECD-8F26-EAEDDAC6EFF6}.Release|Any CPU.ActiveCfg = Release|Any CPU
		{4089BF6D-F096-4ECD-8F26-EAEDDAC6EFF6}.Release|Any CPU.Build.0 = Release|Any CPU
		{47FC0B04-8427-4424-A90F-4BECB7C1A155}.Debug|Any CPU.ActiveCfg = Debug|Any CPU
		{47FC0B04-8427-4424-A90F-4BECB7C1A155}.Debug|Any CPU.Build.0 = Debug|Any CPU
		{47FC0B04-8427-4424-A90F-4BECB7C1A155}.Release|Any CPU.ActiveCfg = Release|Any CPU
		{47FC0B04-8427-4424-A90F-4BECB7C1A155}.Release|Any CPU.Build.0 = Release|Any CPU
		{891B8409-2347-4DD9-AA09-80F6D8841484}.Debug|Any CPU.ActiveCfg = Debug|Any CPU
		{891B8409-2347-4DD9-AA09-80F6D8841484}.Debug|Any CPU.Build.0 = Debug|Any CPU
		{891B8409-2347-4DD9-AA09-80F6D8841484}.Release|Any CPU.ActiveCfg = Release|Any CPU
		{891B8409-2347-4DD9-AA09-80F6D8841484}.Release|Any CPU.Build.0 = Release|Any CPU
		{1799285E-FEB6-436F-9A38-C2AC08696A5C}.Debug|Any CPU.ActiveCfg = Debug|Any CPU
		{1799285E-FEB6-436F-9A38-C2AC08696A5C}.Debug|Any CPU.Build.0 = Debug|Any CPU
		{1799285E-FEB6-436F-9A38-C2AC08696A5C}.Release|Any CPU.ActiveCfg = Release|Any CPU
		{1799285E-FEB6-436F-9A38-C2AC08696A5C}.Release|Any CPU.Build.0 = Release|Any CPU
		{ADCC714E-C3E2-4A37-8FA8-B1029CAEDAE4}.Debug|Any CPU.ActiveCfg = Debug|Any CPU
		{ADCC714E-C3E2-4A37-8FA8-B1029CAEDAE4}.Debug|Any CPU.Build.0 = Debug|Any CPU
		{ADCC714E-C3E2-4A37-8FA8-B1029CAEDAE4}.Release|Any CPU.ActiveCfg = Release|Any CPU
		{ADCC714E-C3E2-4A37-8FA8-B1029CAEDAE4}.Release|Any CPU.Build.0 = Release|Any CPU
		{0E935DE1-263C-4EA1-8CB5-C8A316A39C11}.Debug|Any CPU.ActiveCfg = Debug|Any CPU
		{0E935DE1-263C-4EA1-8CB5-C8A316A39C11}.Debug|Any CPU.Build.0 = Debug|Any CPU
		{0E935DE1-263C-4EA1-8CB5-C8A316A39C11}.Release|Any CPU.ActiveCfg = Release|Any CPU
		{0E935DE1-263C-4EA1-8CB5-C8A316A39C11}.Release|Any CPU.Build.0 = Release|Any CPU
		{76A4F332-2398-42A4-A610-2BF80E34BCAF}.Debug|Any CPU.ActiveCfg = Debug|Any CPU
		{76A4F332-2398-42A4-A610-2BF80E34BCAF}.Debug|Any CPU.Build.0 = Debug|Any CPU
		{76A4F332-2398-42A4-A610-2BF80E34BCAF}.Release|Any CPU.ActiveCfg = Release|Any CPU
		{76A4F332-2398-42A4-A610-2BF80E34BCAF}.Release|Any CPU.Build.0 = Release|Any CPU
		{FDE032A8-9AAF-4E5F-94EE-934748C23EF1}.Debug|Any CPU.ActiveCfg = Debug|Any CPU
		{FDE032A8-9AAF-4E5F-94EE-934748C23EF1}.Debug|Any CPU.Build.0 = Debug|Any CPU
		{FDE032A8-9AAF-4E5F-94EE-934748C23EF1}.Release|Any CPU.ActiveCfg = Release|Any CPU
		{FDE032A8-9AAF-4E5F-94EE-934748C23EF1}.Release|Any CPU.Build.0 = Release|Any CPU
		{DD55C792-40B0-4F0D-B469-CB680ADC25C4}.Debug|Any CPU.ActiveCfg = Debug|Any CPU
		{DD55C792-40B0-4F0D-B469-CB680ADC25C4}.Debug|Any CPU.Build.0 = Debug|Any CPU
		{DD55C792-40B0-4F0D-B469-CB680ADC25C4}.Release|Any CPU.ActiveCfg = Release|Any CPU
		{DD55C792-40B0-4F0D-B469-CB680ADC25C4}.Release|Any CPU.Build.0 = Release|Any CPU
		{B62EACB1-3879-4568-B1EB-BAC2929D3E27}.Debug|Any CPU.ActiveCfg = Debug|Any CPU
		{B62EACB1-3879-4568-B1EB-BAC2929D3E27}.Debug|Any CPU.Build.0 = Debug|Any CPU
		{B62EACB1-3879-4568-B1EB-BAC2929D3E27}.Release|Any CPU.ActiveCfg = Release|Any CPU
		{B62EACB1-3879-4568-B1EB-BAC2929D3E27}.Release|Any CPU.Build.0 = Release|Any CPU
		{BC07D2DA-C399-4AA6-850C-7961037D36EE}.Debug|Any CPU.ActiveCfg = Debug|Any CPU
		{BC07D2DA-C399-4AA6-850C-7961037D36EE}.Debug|Any CPU.Build.0 = Debug|Any CPU
		{BC07D2DA-C399-4AA6-850C-7961037D36EE}.Release|Any CPU.ActiveCfg = Release|Any CPU
		{BC07D2DA-C399-4AA6-850C-7961037D36EE}.Release|Any CPU.Build.0 = Release|Any CPU
		{230F1B95-D7B8-4034-B006-3C5D6F5A6805}.Debug|Any CPU.ActiveCfg = Debug|Any CPU
		{230F1B95-D7B8-4034-B006-3C5D6F5A6805}.Debug|Any CPU.Build.0 = Debug|Any CPU
		{230F1B95-D7B8-4034-B006-3C5D6F5A6805}.Release|Any CPU.ActiveCfg = Release|Any CPU
		{230F1B95-D7B8-4034-B006-3C5D6F5A6805}.Release|Any CPU.Build.0 = Release|Any CPU
		{49F2B4C0-DBF7-4658-9ED9-E5E03AA834DF}.Debug|Any CPU.ActiveCfg = Debug|Any CPU
		{49F2B4C0-DBF7-4658-9ED9-E5E03AA834DF}.Debug|Any CPU.Build.0 = Debug|Any CPU
		{49F2B4C0-DBF7-4658-9ED9-E5E03AA834DF}.Release|Any CPU.ActiveCfg = Release|Any CPU
		{49F2B4C0-DBF7-4658-9ED9-E5E03AA834DF}.Release|Any CPU.Build.0 = Release|Any CPU
		{8DD979D3-486F-4823-B5B5-BFE33D2678B3}.Debug|Any CPU.ActiveCfg = Debug|Any CPU
		{8DD979D3-486F-4823-B5B5-BFE33D2678B3}.Debug|Any CPU.Build.0 = Debug|Any CPU
		{8DD979D3-486F-4823-B5B5-BFE33D2678B3}.Release|Any CPU.ActiveCfg = Release|Any CPU
		{8DD979D3-486F-4823-B5B5-BFE33D2678B3}.Release|Any CPU.Build.0 = Release|Any CPU
		{F75032A8-5962-492D-954C-56D0BED206BA}.Debug|Any CPU.ActiveCfg = Debug|Any CPU
		{F75032A8-5962-492D-954C-56D0BED206BA}.Debug|Any CPU.Build.0 = Debug|Any CPU
		{F75032A8-5962-492D-954C-56D0BED206BA}.Release|Any CPU.ActiveCfg = Release|Any CPU
		{F75032A8-5962-492D-954C-56D0BED206BA}.Release|Any CPU.Build.0 = Release|Any CPU
		{C616E036-E78B-43DF-A79D-B319393ED799}.Debug|Any CPU.ActiveCfg = Debug|Any CPU
		{C616E036-E78B-43DF-A79D-B319393ED799}.Debug|Any CPU.Build.0 = Debug|Any CPU
		{C616E036-E78B-43DF-A79D-B319393ED799}.Release|Any CPU.ActiveCfg = Release|Any CPU
		{C616E036-E78B-43DF-A79D-B319393ED799}.Release|Any CPU.Build.0 = Release|Any CPU
		{8DEA862D-677B-4999-9BE0-EBD1A9856EB8}.Debug|Any CPU.ActiveCfg = Debug|Any CPU
		{8DEA862D-677B-4999-9BE0-EBD1A9856EB8}.Debug|Any CPU.Build.0 = Debug|Any CPU
		{8DEA862D-677B-4999-9BE0-EBD1A9856EB8}.Release|Any CPU.ActiveCfg = Release|Any CPU
		{8DEA862D-677B-4999-9BE0-EBD1A9856EB8}.Release|Any CPU.Build.0 = Release|Any CPU
		{6AF2CEDF-5B0D-4A60-AB21-41A2A2DE7C5E}.Debug|Any CPU.ActiveCfg = Debug|Any CPU
		{6AF2CEDF-5B0D-4A60-AB21-41A2A2DE7C5E}.Debug|Any CPU.Build.0 = Debug|Any CPU
		{6AF2CEDF-5B0D-4A60-AB21-41A2A2DE7C5E}.Release|Any CPU.ActiveCfg = Release|Any CPU
		{6AF2CEDF-5B0D-4A60-AB21-41A2A2DE7C5E}.Release|Any CPU.Build.0 = Release|Any CPU
		{ED0143DB-39DF-4258-BE5F-346D11C730D8}.Debug|Any CPU.ActiveCfg = Debug|Any CPU
		{ED0143DB-39DF-4258-BE5F-346D11C730D8}.Debug|Any CPU.Build.0 = Debug|Any CPU
		{ED0143DB-39DF-4258-BE5F-346D11C730D8}.Release|Any CPU.ActiveCfg = Release|Any CPU
		{ED0143DB-39DF-4258-BE5F-346D11C730D8}.Release|Any CPU.Build.0 = Release|Any CPU
		{01BDA264-50DF-4F4E-8B5A-95C11D231112}.Debug|Any CPU.ActiveCfg = Debug|Any CPU
		{01BDA264-50DF-4F4E-8B5A-95C11D231112}.Debug|Any CPU.Build.0 = Debug|Any CPU
		{01BDA264-50DF-4F4E-8B5A-95C11D231112}.Release|Any CPU.ActiveCfg = Release|Any CPU
		{01BDA264-50DF-4F4E-8B5A-95C11D231112}.Release|Any CPU.Build.0 = Release|Any CPU
		{ACD93E97-D81A-4A21-975B-3F6DCCEEACB9}.Debug|Any CPU.ActiveCfg = Debug|Any CPU
		{ACD93E97-D81A-4A21-975B-3F6DCCEEACB9}.Debug|Any CPU.Build.0 = Debug|Any CPU
		{ACD93E97-D81A-4A21-975B-3F6DCCEEACB9}.Release|Any CPU.ActiveCfg = Release|Any CPU
		{ACD93E97-D81A-4A21-975B-3F6DCCEEACB9}.Release|Any CPU.Build.0 = Release|Any CPU
	EndGlobalSection
	GlobalSection(SolutionProperties) = preSolution
		HideSolutionNode = FALSE
	EndGlobalSection
	GlobalSection(NestedProjects) = preSolution
		{7DCAADF6-57DD-4B35-A293-828079050406} = {646C8878-73FA-4D00-B258-E3A4164F908E}
		{3AF2D3E7-097D-4C1A-99FA-16955B26D54F} = {EC21EC2D-74F3-43BA-BFEA-A741FA186C02}
		{EC21EC2D-74F3-43BA-BFEA-A741FA186C02} = {261F744A-3908-4FBE-9F07-37D27E44A561}
		{646C8878-73FA-4D00-B258-E3A4164F908E} = {261F744A-3908-4FBE-9F07-37D27E44A561}
		{4089BF6D-F096-4ECD-8F26-EAEDDAC6EFF6} = {EC21EC2D-74F3-43BA-BFEA-A741FA186C02}
		{5BDC1A9C-B375-4F32-A039-C425161C8AE4} = {261F744A-3908-4FBE-9F07-37D27E44A561}
		{891B8409-2347-4DD9-AA09-80F6D8841484} = {5BDC1A9C-B375-4F32-A039-C425161C8AE4}
		{1799285E-FEB6-436F-9A38-C2AC08696A5C} = {5BDC1A9C-B375-4F32-A039-C425161C8AE4}
		{ADCC714E-C3E2-4A37-8FA8-B1029CAEDAE4} = {EC21EC2D-74F3-43BA-BFEA-A741FA186C02}
		{0E935DE1-263C-4EA1-8CB5-C8A316A39C11} = {5BDC1A9C-B375-4F32-A039-C425161C8AE4}
		{FDE032A8-9AAF-4E5F-94EE-934748C23EF1} = {5BDC1A9C-B375-4F32-A039-C425161C8AE4}
		{DD55C792-40B0-4F0D-B469-CB680ADC25C4} = {95A007EE-2A42-4259-AD47-B53E8196C96E}
		{B62EACB1-3879-4568-B1EB-BAC2929D3E27} = {95A007EE-2A42-4259-AD47-B53E8196C96E}
		{BC07D2DA-C399-4AA6-850C-7961037D36EE} = {95A007EE-2A42-4259-AD47-B53E8196C96E}
		{230F1B95-D7B8-4034-B006-3C5D6F5A6805} = {95A007EE-2A42-4259-AD47-B53E8196C96E}
		{49F2B4C0-DBF7-4658-9ED9-E5E03AA834DF} = {95A007EE-2A42-4259-AD47-B53E8196C96E}
		{8DD979D3-486F-4823-B5B5-BFE33D2678B3} = {EC21EC2D-74F3-43BA-BFEA-A741FA186C02}
		{01BDA264-50DF-4F4E-8B5A-95C11D231112} = {F2745778-BC8A-4494-9A94-FF6C9D54B39C}
	EndGlobalSection
	GlobalSection(ExtensibilityGlobals) = postSolution
		SolutionGuid = {ABA68DAC-6D18-4084-B402-B95D0CC30486}
	EndGlobalSection
EndGlobal
